// !$*UTF8*$!
{
	archiveVersion = 1;
	classes = {
	};
	objectVersion = 56;
	objects = {

/* Begin PBXBuildFile section */
		3D10FF002916B767009C9760 /* BlurView.swift in Sources */ = {isa = PBXBuildFile; fileRef = 3D10FEFF2916B767009C9760 /* BlurView.swift */; };
		3D10FF1E2917080C009C9760 /* CircularProgress.swift in Sources */ = {isa = PBXBuildFile; fileRef = 3D10FF1D2917080C009C9760 /* CircularProgress.swift */; };
		3D10FF2129170E6D009C9760 /* Colors.swift in Sources */ = {isa = PBXBuildFile; fileRef = 3D10FF2029170E6D009C9760 /* Colors.swift */; };
		3D10FF23291710E9009C9760 /* CircularProgressModel.swift in Sources */ = {isa = PBXBuildFile; fileRef = 3D10FF22291710E9009C9760 /* CircularProgressModel.swift */; };
		3D5B8AA2291C1C5700D29EEF /* ChartView.swift in Sources */ = {isa = PBXBuildFile; fileRef = 3D5B8AA1291C1C5700D29EEF /* ChartView.swift */; };
		3D5B8AA5291C303200D29EEF /* SwiftUICharts in Frameworks */ = {isa = PBXBuildFile; productRef = 3D5B8AA4291C303200D29EEF /* SwiftUICharts */; };
		3D5B8AA7291C3AD100D29EEF /* Description.swift in Sources */ = {isa = PBXBuildFile; fileRef = 3D5B8AA6291C3AD100D29EEF /* Description.swift */; };
		3D5B8AAA291C42CE00D29EEF /* HorizontalTemperature.swift in Sources */ = {isa = PBXBuildFile; fileRef = 3D5B8AA9291C42CE00D29EEF /* HorizontalTemperature.swift */; };
		3D61C8CE2934DB88006B2C8F /* BottomTemperatureModel.swift in Sources */ = {isa = PBXBuildFile; fileRef = 3D61C8CD2934DB88006B2C8F /* BottomTemperatureModel.swift */; };
		3D61C8D02934E099006B2C8F /* Icons.swift in Sources */ = {isa = PBXBuildFile; fileRef = 3D61C8CF2934E099006B2C8F /* Icons.swift */; };
		3D61C8D22934F188006B2C8F /* MapView.swift in Sources */ = {isa = PBXBuildFile; fileRef = 3D61C8D12934F188006B2C8F /* MapView.swift */; };
		3D8E1D0329180FDA004B56C4 /* BaseUrl.swift in Sources */ = {isa = PBXBuildFile; fileRef = 3D8E1D0229180FDA004B56C4 /* BaseUrl.swift */; };
		3D8E1D052918105C004B56C4 /* HttpClient.swift in Sources */ = {isa = PBXBuildFile; fileRef = 3D8E1D042918105C004B56C4 /* HttpClient.swift */; };
		3D8E1D072918107D004B56C4 /* HttpRequest.swift in Sources */ = {isa = PBXBuildFile; fileRef = 3D8E1D062918107D004B56C4 /* HttpRequest.swift */; };
		3D8E1D092918109B004B56C4 /* HttpMethod.swift in Sources */ = {isa = PBXBuildFile; fileRef = 3D8E1D082918109B004B56C4 /* HttpMethod.swift */; };
		3D8E1D0B29181252004B56C4 /* DashboardViewModel.swift in Sources */ = {isa = PBXBuildFile; fileRef = 3D8E1D0A29181252004B56C4 /* DashboardViewModel.swift */; };
		3D8E1D0E291812AF004B56C4 /* DashboardNetworkService.swift in Sources */ = {isa = PBXBuildFile; fileRef = 3D8E1D0D291812AF004B56C4 /* DashboardNetworkService.swift */; };
		3DACF37429119EA100554177 /* wetempApp.swift in Sources */ = {isa = PBXBuildFile; fileRef = 3DACF37329119EA100554177 /* wetempApp.swift */; };
		3DACF37629119EA100554177 /* ContentView.swift in Sources */ = {isa = PBXBuildFile; fileRef = 3DACF37529119EA100554177 /* ContentView.swift */; };
		3DACF37829119EA300554177 /* Assets.xcassets in Resources */ = {isa = PBXBuildFile; fileRef = 3DACF37729119EA300554177 /* Assets.xcassets */; };
		3DACF37B29119EA300554177 /* Preview Assets.xcassets in Resources */ = {isa = PBXBuildFile; fileRef = 3DACF37A29119EA300554177 /* Preview Assets.xcassets */; };
		3DACF3882911A0A000554177 /* Dashboard.swift in Sources */ = {isa = PBXBuildFile; fileRef = 3DACF3872911A0A000554177 /* Dashboard.swift */; };
		3DACF38D2911A11600554177 /* Color+Hex.swift in Sources */ = {isa = PBXBuildFile; fileRef = 3DACF38C2911A11600554177 /* Color+Hex.swift */; };
		3DACF38F2911A3D800554177 /* Gradients.swift in Sources */ = {isa = PBXBuildFile; fileRef = 3DACF38E2911A3D800554177 /* Gradients.swift */; };
		3DACF3922911A48300554177 /* Constants.swift in Sources */ = {isa = PBXBuildFile; fileRef = 3DACF3912911A48300554177 /* Constants.swift */; };
		3DBD728A2934C23600B6CA73 /* Temperature.swift in Sources */ = {isa = PBXBuildFile; fileRef = 3DBD72892934C23600B6CA73 /* Temperature.swift */; };
		3DC1BDBB29193C1E0078FC3A /* CustomHeightBottomSheetHandler.swift in Sources */ = {isa = PBXBuildFile; fileRef = 3DC1BDB529193C1E0078FC3A /* CustomHeightBottomSheetHandler.swift */; };
		3DC1BDBC29193C1E0078FC3A /* CustomHeightDetent.swift in Sources */ = {isa = PBXBuildFile; fileRef = 3DC1BDB629193C1E0078FC3A /* CustomHeightDetent.swift */; };
		3DC1BDBD29193C1E0078FC3A /* CustomSheet.swift in Sources */ = {isa = PBXBuildFile; fileRef = 3DC1BDB729193C1E0078FC3A /* CustomSheet.swift */; };
		3DC1BDBE29193C1E0078FC3A /* View+CustomSheet.swift in Sources */ = {isa = PBXBuildFile; fileRef = 3DC1BDB829193C1E0078FC3A /* View+CustomSheet.swift */; };
		3DC1BDBF29193C1E0078FC3A /* CustomHeightBottomSheetViewModel.swift in Sources */ = {isa = PBXBuildFile; fileRef = 3DC1BDB929193C1E0078FC3A /* CustomHeightBottomSheetViewModel.swift */; };
		3DC1BDC029193C1E0078FC3A /* CustomHeightBottomSheet.swift in Sources */ = {isa = PBXBuildFile; fileRef = 3DC1BDBA29193C1E0078FC3A /* CustomHeightBottomSheet.swift */; };
		3DC1BDC329193C470078FC3A /* Introspect in Frameworks */ = {isa = PBXBuildFile; productRef = 3DC1BDC229193C470078FC3A /* Introspect */; };
/* End PBXBuildFile section */

/* Begin PBXFileReference section */
		3D10FEFF2916B767009C9760 /* BlurView.swift */ = {isa = PBXFileReference; lastKnownFileType = sourcecode.swift; path = BlurView.swift; sourceTree = "<group>"; };
		3D10FF1D2917080C009C9760 /* CircularProgress.swift */ = {isa = PBXFileReference; lastKnownFileType = sourcecode.swift; path = CircularProgress.swift; sourceTree = "<group>"; };
		3D10FF2029170E6D009C9760 /* Colors.swift */ = {isa = PBXFileReference; lastKnownFileType = sourcecode.swift; path = Colors.swift; sourceTree = "<group>"; };
		3D10FF22291710E9009C9760 /* CircularProgressModel.swift */ = {isa = PBXFileReference; lastKnownFileType = sourcecode.swift; path = CircularProgressModel.swift; sourceTree = "<group>"; };
		3D5B8AA1291C1C5700D29EEF /* ChartView.swift */ = {isa = PBXFileReference; lastKnownFileType = sourcecode.swift; path = ChartView.swift; sourceTree = "<group>"; };
		3D5B8AA6291C3AD100D29EEF /* Description.swift */ = {isa = PBXFileReference; lastKnownFileType = sourcecode.swift; path = Description.swift; sourceTree = "<group>"; };
		3D5B8AA9291C42CE00D29EEF /* HorizontalTemperature.swift */ = {isa = PBXFileReference; lastKnownFileType = sourcecode.swift; path = HorizontalTemperature.swift; sourceTree = "<group>"; };
		3D61C8CD2934DB88006B2C8F /* BottomTemperatureModel.swift */ = {isa = PBXFileReference; lastKnownFileType = sourcecode.swift; path = BottomTemperatureModel.swift; sourceTree = "<group>"; };
		3D61C8CF2934E099006B2C8F /* Icons.swift */ = {isa = PBXFileReference; lastKnownFileType = sourcecode.swift; path = Icons.swift; sourceTree = "<group>"; };
		3D61C8D12934F188006B2C8F /* MapView.swift */ = {isa = PBXFileReference; lastKnownFileType = sourcecode.swift; path = MapView.swift; sourceTree = "<group>"; };
		3D8E1D0229180FDA004B56C4 /* BaseUrl.swift */ = {isa = PBXFileReference; lastKnownFileType = sourcecode.swift; path = BaseUrl.swift; sourceTree = "<group>"; };
		3D8E1D042918105C004B56C4 /* HttpClient.swift */ = {isa = PBXFileReference; lastKnownFileType = sourcecode.swift; path = HttpClient.swift; sourceTree = "<group>"; };
		3D8E1D062918107D004B56C4 /* HttpRequest.swift */ = {isa = PBXFileReference; lastKnownFileType = sourcecode.swift; path = HttpRequest.swift; sourceTree = "<group>"; };
		3D8E1D082918109B004B56C4 /* HttpMethod.swift */ = {isa = PBXFileReference; lastKnownFileType = sourcecode.swift; path = HttpMethod.swift; sourceTree = "<group>"; };
		3D8E1D0A29181252004B56C4 /* DashboardViewModel.swift */ = {isa = PBXFileReference; lastKnownFileType = sourcecode.swift; path = DashboardViewModel.swift; sourceTree = "<group>"; };
		3D8E1D0D291812AF004B56C4 /* DashboardNetworkService.swift */ = {isa = PBXFileReference; lastKnownFileType = sourcecode.swift; path = DashboardNetworkService.swift; sourceTree = "<group>"; };
		3DACF37029119EA100554177 /* wetemp.app */ = {isa = PBXFileReference; explicitFileType = wrapper.application; includeInIndex = 0; path = wetemp.app; sourceTree = BUILT_PRODUCTS_DIR; };
		3DACF37329119EA100554177 /* wetempApp.swift */ = {isa = PBXFileReference; lastKnownFileType = sourcecode.swift; path = wetempApp.swift; sourceTree = "<group>"; };
		3DACF37529119EA100554177 /* ContentView.swift */ = {isa = PBXFileReference; lastKnownFileType = sourcecode.swift; path = ContentView.swift; sourceTree = "<group>"; };
		3DACF37729119EA300554177 /* Assets.xcassets */ = {isa = PBXFileReference; lastKnownFileType = folder.assetcatalog; path = Assets.xcassets; sourceTree = "<group>"; };
		3DACF37A29119EA300554177 /* Preview Assets.xcassets */ = {isa = PBXFileReference; lastKnownFileType = folder.assetcatalog; path = "Preview Assets.xcassets"; sourceTree = "<group>"; };
		3DACF3872911A0A000554177 /* Dashboard.swift */ = {isa = PBXFileReference; lastKnownFileType = sourcecode.swift; path = Dashboard.swift; sourceTree = "<group>"; };
		3DACF38C2911A11600554177 /* Color+Hex.swift */ = {isa = PBXFileReference; lastKnownFileType = sourcecode.swift; path = "Color+Hex.swift"; sourceTree = "<group>"; };
		3DACF38E2911A3D800554177 /* Gradients.swift */ = {isa = PBXFileReference; lastKnownFileType = sourcecode.swift; path = Gradients.swift; sourceTree = "<group>"; };
		3DACF3912911A48300554177 /* Constants.swift */ = {isa = PBXFileReference; lastKnownFileType = sourcecode.swift; path = Constants.swift; sourceTree = "<group>"; };
		3DBD72892934C23600B6CA73 /* Temperature.swift */ = {isa = PBXFileReference; lastKnownFileType = sourcecode.swift; path = Temperature.swift; sourceTree = "<group>"; };
		3DC1BDB529193C1E0078FC3A /* CustomHeightBottomSheetHandler.swift */ = {isa = PBXFileReference; fileEncoding = 4; lastKnownFileType = sourcecode.swift; path = CustomHeightBottomSheetHandler.swift; sourceTree = "<group>"; };
		3DC1BDB629193C1E0078FC3A /* CustomHeightDetent.swift */ = {isa = PBXFileReference; fileEncoding = 4; lastKnownFileType = sourcecode.swift; path = CustomHeightDetent.swift; sourceTree = "<group>"; };
		3DC1BDB729193C1E0078FC3A /* CustomSheet.swift */ = {isa = PBXFileReference; fileEncoding = 4; lastKnownFileType = sourcecode.swift; path = CustomSheet.swift; sourceTree = "<group>"; };
		3DC1BDB829193C1E0078FC3A /* View+CustomSheet.swift */ = {isa = PBXFileReference; fileEncoding = 4; lastKnownFileType = sourcecode.swift; path = "View+CustomSheet.swift"; sourceTree = "<group>"; };
		3DC1BDB929193C1E0078FC3A /* CustomHeightBottomSheetViewModel.swift */ = {isa = PBXFileReference; fileEncoding = 4; lastKnownFileType = sourcecode.swift; path = CustomHeightBottomSheetViewModel.swift; sourceTree = "<group>"; };
		3DC1BDBA29193C1E0078FC3A /* CustomHeightBottomSheet.swift */ = {isa = PBXFileReference; fileEncoding = 4; lastKnownFileType = sourcecode.swift; path = CustomHeightBottomSheet.swift; sourceTree = "<group>"; };
/* End PBXFileReference section */

/* Begin PBXFrameworksBuildPhase section */
		3DACF36D29119EA100554177 /* Frameworks */ = {
			isa = PBXFrameworksBuildPhase;
			buildActionMask = 2147483647;
			files = (
				3DC1BDC329193C470078FC3A /* Introspect in Frameworks */,
				3D5B8AA5291C303200D29EEF /* SwiftUICharts in Frameworks */,
			);
			runOnlyForDeploymentPostprocessing = 0;
		};
/* End PBXFrameworksBuildPhase section */

/* Begin PBXGroup section */
		3D10FF1F29170C9A009C9760 /* Model */ = {
			isa = PBXGroup;
			children = (
				3D10FF22291710E9009C9760 /* CircularProgressModel.swift */,
			);
			path = Model;
			sourceTree = "<group>";
		};
		3D5B8AA0291C1C4000D29EEF /* Chart */ = {
			isa = PBXGroup;
			children = (
				3D5B8AA1291C1C5700D29EEF /* ChartView.swift */,
				3D5B8AA6291C3AD100D29EEF /* Description.swift */,
			);
			path = Chart;
			sourceTree = "<group>";
		};
		3D5B8AA8291C42BB00D29EEF /* TemperatureScroll */ = {
			isa = PBXGroup;
			children = (
				3D5B8AA9291C42CE00D29EEF /* HorizontalTemperature.swift */,
			);
			path = TemperatureScroll;
			sourceTree = "<group>";
		};
		3D8E1D0129180F97004B56C4 /* API */ = {
			isa = PBXGroup;
			children = (
				3D8E1D0229180FDA004B56C4 /* BaseUrl.swift */,
				3D8E1D042918105C004B56C4 /* HttpClient.swift */,
				3D8E1D062918107D004B56C4 /* HttpRequest.swift */,
				3D8E1D082918109B004B56C4 /* HttpMethod.swift */,
			);
			path = API;
			sourceTree = "<group>";
		};
		3D8E1D0C2918128C004B56C4 /* NetworkService */ = {
			isa = PBXGroup;
			children = (
				3D8E1D0D291812AF004B56C4 /* DashboardNetworkService.swift */,
			);
			path = NetworkService;
			sourceTree = "<group>";
		};
		3DACF36729119EA100554177 = {
			isa = PBXGroup;
			children = (
				3DACF37229119EA100554177 /* Shared */,
				3DACF37129119EA100554177 /* Products */,
			);
			sourceTree = "<group>";
		};
		3DACF37129119EA100554177 /* Products */ = {
			isa = PBXGroup;
			children = (
				3DACF37029119EA100554177 /* wetemp.app */,
			);
			name = Products;
			sourceTree = "<group>";
		};
		3DACF37229119EA100554177 /* Shared */ = {
			isa = PBXGroup;
			children = (
				3D8E1D0C2918128C004B56C4 /* NetworkService */,
				3D8E1D0129180F97004B56C4 /* API */,
				3DACF39529130EA200554177 /* SharedUI */,
				3DACF3902911A47400554177 /* Helpers */,
				3DACF38B2911A0CE00554177 /* Extensions */,
				3DACF3842911A07100554177 /* Features */,
				3DACF3822911A03F00554177 /* Resources */,
				3DBD72882934C21F00B6CA73 /* Models */,
				3DACF37329119EA100554177 /* wetempApp.swift */,
				3DACF37529119EA100554177 /* ContentView.swift */,
				3DACF37929119EA300554177 /* Preview Content */,
			);
			path = Shared;
			sourceTree = "<group>";
		};
		3DACF37929119EA300554177 /* Preview Content */ = {
			isa = PBXGroup;
			children = (
				3DACF37A29119EA300554177 /* Preview Assets.xcassets */,
			);
			path = "Preview Content";
			sourceTree = "<group>";
		};
		3DACF3822911A03F00554177 /* Resources */ = {
			isa = PBXGroup;
			children = (
				3DACF37729119EA300554177 /* Assets.xcassets */,
				3D10FF2029170E6D009C9760 /* Colors.swift */,
				3D61C8CF2934E099006B2C8F /* Icons.swift */,
			);
			path = Resources;
			sourceTree = "<group>";
		};
		3DACF3842911A07100554177 /* Features */ = {
			isa = PBXGroup;
			children = (
				3DACF3852911A08900554177 /* Dashboard */,
			);
			path = Features;
			sourceTree = "<group>";
		};
		3DACF3852911A08900554177 /* Dashboard */ = {
			isa = PBXGroup;
			children = (
				3D10FF1F29170C9A009C9760 /* Model */,
				3DACF38A2911A0AC00554177 /* Views */,
				3DACF3892911A0A400554177 /* ViewModel */,
				3DACF3862911A09000554177 /* Screens */,
			);
			path = Dashboard;
			sourceTree = "<group>";
		};
		3DACF3862911A09000554177 /* Screens */ = {
			isa = PBXGroup;
			children = (
				3DACF3872911A0A000554177 /* Dashboard.swift */,
			);
			path = Screens;
			sourceTree = "<group>";
		};
		3DACF3892911A0A400554177 /* ViewModel */ = {
			isa = PBXGroup;
			children = (
				3D8E1D0A29181252004B56C4 /* DashboardViewModel.swift */,
			);
			path = ViewModel;
			sourceTree = "<group>";
		};
		3DACF38A2911A0AC00554177 /* Views */ = {
			isa = PBXGroup;
			children = (
				3D10FF1D2917080C009C9760 /* CircularProgress.swift */,
				3D61C8D12934F188006B2C8F /* MapView.swift */,
			);
			path = Views;
			sourceTree = "<group>";
		};
		3DACF38B2911A0CE00554177 /* Extensions */ = {
			isa = PBXGroup;
			children = (
				3DACF38C2911A11600554177 /* Color+Hex.swift */,
				3DACF38E2911A3D800554177 /* Gradients.swift */,
			);
			path = Extensions;
			sourceTree = "<group>";
		};
		3DACF3902911A47400554177 /* Helpers */ = {
			isa = PBXGroup;
			children = (
				3D10FEFF2916B767009C9760 /* BlurView.swift */,
				3DACF3912911A48300554177 /* Constants.swift */,
			);
			path = Helpers;
			sourceTree = "<group>";
		};
		3DACF39529130EA200554177 /* SharedUI */ = {
			isa = PBXGroup;
			children = (
				3D5B8AA8291C42BB00D29EEF /* TemperatureScroll */,
				3D5B8AA0291C1C4000D29EEF /* Chart */,
				3DC1BDB429193BFB0078FC3A /* CustomBottomSheet */,
			);
			path = SharedUI;
			sourceTree = "<group>";
		};
		3DBD72882934C21F00B6CA73 /* Models */ = {
			isa = PBXGroup;
			children = (
				3DBD72892934C23600B6CA73 /* Temperature.swift */,
				3D61C8CD2934DB88006B2C8F /* BottomTemperatureModel.swift */,
			);
			path = Models;
			sourceTree = "<group>";
		};
		3DC1BDB429193BFB0078FC3A /* CustomBottomSheet */ = {
			isa = PBXGroup;
			children = (
				3DC1BDBA29193C1E0078FC3A /* CustomHeightBottomSheet.swift */,
				3DC1BDB529193C1E0078FC3A /* CustomHeightBottomSheetHandler.swift */,
				3DC1BDB929193C1E0078FC3A /* CustomHeightBottomSheetViewModel.swift */,
				3DC1BDB629193C1E0078FC3A /* CustomHeightDetent.swift */,
				3DC1BDB729193C1E0078FC3A /* CustomSheet.swift */,
				3DC1BDB829193C1E0078FC3A /* View+CustomSheet.swift */,
			);
			path = CustomBottomSheet;
			sourceTree = "<group>";
		};
/* End PBXGroup section */

/* Begin PBXNativeTarget section */
		3DACF36F29119EA100554177 /* wetemp */ = {
			isa = PBXNativeTarget;
			buildConfigurationList = 3DACF37E29119EA300554177 /* Build configuration list for PBXNativeTarget "wetemp" */;
			buildPhases = (
				3DACF36C29119EA100554177 /* Sources */,
				3DACF36D29119EA100554177 /* Frameworks */,
				3DACF36E29119EA100554177 /* Resources */,
			);
			buildRules = (
			);
			dependencies = (
			);
			name = wetemp;
			packageProductDependencies = (
				3DC1BDC229193C470078FC3A /* Introspect */,
				3D5B8AA4291C303200D29EEF /* SwiftUICharts */,
			);
			productName = wetemp;
			productReference = 3DACF37029119EA100554177 /* wetemp.app */;
			productType = "com.apple.product-type.application";
		};
/* End PBXNativeTarget section */

/* Begin PBXProject section */
		3DACF36829119EA100554177 /* Project object */ = {
			isa = PBXProject;
			attributes = {
				BuildIndependentTargetsInParallel = 1;
				LastSwiftUpdateCheck = 1400;
				LastUpgradeCheck = 1400;
				TargetAttributes = {
					3DACF36F29119EA100554177 = {
						CreatedOnToolsVersion = 14.0.1;
					};
				};
			};
			buildConfigurationList = 3DACF36B29119EA100554177 /* Build configuration list for PBXProject "wetemp" */;
			compatibilityVersion = "Xcode 14.0";
			developmentRegion = en;
			hasScannedForEncodings = 0;
			knownRegions = (
				en,
				Base,
			);
			mainGroup = 3DACF36729119EA100554177;
			packageReferences = (
				3DC1BDC129193C470078FC3A /* XCRemoteSwiftPackageReference "SwiftUI-Introspect" */,
				3D5B8AA3291C303200D29EEF /* XCRemoteSwiftPackageReference "ChartView" */,
			);
			productRefGroup = 3DACF37129119EA100554177 /* Products */;
			projectDirPath = "";
			projectRoot = "";
			targets = (
				3DACF36F29119EA100554177 /* wetemp */,
			);
		};
/* End PBXProject section */

/* Begin PBXResourcesBuildPhase section */
		3DACF36E29119EA100554177 /* Resources */ = {
			isa = PBXResourcesBuildPhase;
			buildActionMask = 2147483647;
			files = (
				3DACF37B29119EA300554177 /* Preview Assets.xcassets in Resources */,
				3DACF37829119EA300554177 /* Assets.xcassets in Resources */,
			);
			runOnlyForDeploymentPostprocessing = 0;
		};
/* End PBXResourcesBuildPhase section */

/* Begin PBXSourcesBuildPhase section */
		3DACF36C29119EA100554177 /* Sources */ = {
			isa = PBXSourcesBuildPhase;
			buildActionMask = 2147483647;
			files = (
				3DC1BDBE29193C1E0078FC3A /* View+CustomSheet.swift in Sources */,
				3DC1BDBD29193C1E0078FC3A /* CustomSheet.swift in Sources */,
				3DACF37629119EA100554177 /* ContentView.swift in Sources */,
				3D10FF002916B767009C9760 /* BlurView.swift in Sources */,
				3DACF38F2911A3D800554177 /* Gradients.swift in Sources */,
				3DC1BDBB29193C1E0078FC3A /* CustomHeightBottomSheetHandler.swift in Sources */,
				3D10FF2129170E6D009C9760 /* Colors.swift in Sources */,
				3D8E1D072918107D004B56C4 /* HttpRequest.swift in Sources */,
				3DACF38D2911A11600554177 /* Color+Hex.swift in Sources */,
				3D8E1D0B29181252004B56C4 /* DashboardViewModel.swift in Sources */,
				3D8E1D092918109B004B56C4 /* HttpMethod.swift in Sources */,
				3D61C8CE2934DB88006B2C8F /* BottomTemperatureModel.swift in Sources */,
				3D5B8AA7291C3AD100D29EEF /* Description.swift in Sources */,
				3DACF3882911A0A000554177 /* Dashboard.swift in Sources */,
				3D61C8D22934F188006B2C8F /* MapView.swift in Sources */,
				3D61C8D02934E099006B2C8F /* Icons.swift in Sources */,
				3DC1BDC029193C1E0078FC3A /* CustomHeightBottomSheet.swift in Sources */,
				3DC1BDBF29193C1E0078FC3A /* CustomHeightBottomSheetViewModel.swift in Sources */,
				3D5B8AAA291C42CE00D29EEF /* HorizontalTemperature.swift in Sources */,
				3D8E1D052918105C004B56C4 /* HttpClient.swift in Sources */,
				3DACF37429119EA100554177 /* wetempApp.swift in Sources */,
				3D10FF1E2917080C009C9760 /* CircularProgress.swift in Sources */,
				3DACF3922911A48300554177 /* Constants.swift in Sources */,
				3DC1BDBC29193C1E0078FC3A /* CustomHeightDetent.swift in Sources */,
				3D8E1D0329180FDA004B56C4 /* BaseUrl.swift in Sources */,
				3DBD728A2934C23600B6CA73 /* Temperature.swift in Sources */,
				3D10FF23291710E9009C9760 /* CircularProgressModel.swift in Sources */,
				3D8E1D0E291812AF004B56C4 /* DashboardNetworkService.swift in Sources */,
				3D5B8AA2291C1C5700D29EEF /* ChartView.swift in Sources */,
			);
			runOnlyForDeploymentPostprocessing = 0;
		};
/* End PBXSourcesBuildPhase section */

/* Begin XCBuildConfiguration section */
		3DACF37C29119EA300554177 /* Debug */ = {
			isa = XCBuildConfiguration;
			buildSettings = {
				ALWAYS_SEARCH_USER_PATHS = NO;
				CLANG_ANALYZER_NONNULL = YES;
				CLANG_ANALYZER_NUMBER_OBJECT_CONVERSION = YES_AGGRESSIVE;
				CLANG_CXX_LANGUAGE_STANDARD = "gnu++20";
				CLANG_ENABLE_MODULES = YES;
				CLANG_ENABLE_OBJC_ARC = YES;
				CLANG_ENABLE_OBJC_WEAK = YES;
				CLANG_WARN_BLOCK_CAPTURE_AUTORELEASING = YES;
				CLANG_WARN_BOOL_CONVERSION = YES;
				CLANG_WARN_COMMA = YES;
				CLANG_WARN_CONSTANT_CONVERSION = YES;
				CLANG_WARN_DEPRECATED_OBJC_IMPLEMENTATIONS = YES;
				CLANG_WARN_DIRECT_OBJC_ISA_USAGE = YES_ERROR;
				CLANG_WARN_DOCUMENTATION_COMMENTS = YES;
				CLANG_WARN_EMPTY_BODY = YES;
				CLANG_WARN_ENUM_CONVERSION = YES;
				CLANG_WARN_INFINITE_RECURSION = YES;
				CLANG_WARN_INT_CONVERSION = YES;
				CLANG_WARN_NON_LITERAL_NULL_CONVERSION = YES;
				CLANG_WARN_OBJC_IMPLICIT_RETAIN_SELF = YES;
				CLANG_WARN_OBJC_LITERAL_CONVERSION = YES;
				CLANG_WARN_OBJC_ROOT_CLASS = YES_ERROR;
				CLANG_WARN_QUOTED_INCLUDE_IN_FRAMEWORK_HEADER = YES;
				CLANG_WARN_RANGE_LOOP_ANALYSIS = YES;
				CLANG_WARN_STRICT_PROTOTYPES = YES;
				CLANG_WARN_SUSPICIOUS_MOVE = YES;
				CLANG_WARN_UNGUARDED_AVAILABILITY = YES_AGGRESSIVE;
				CLANG_WARN_UNREACHABLE_CODE = YES;
				CLANG_WARN__DUPLICATE_METHOD_MATCH = YES;
				COPY_PHASE_STRIP = NO;
				DEBUG_INFORMATION_FORMAT = dwarf;
				ENABLE_STRICT_OBJC_MSGSEND = YES;
				ENABLE_TESTABILITY = YES;
				GCC_C_LANGUAGE_STANDARD = gnu11;
				GCC_DYNAMIC_NO_PIC = NO;
				GCC_NO_COMMON_BLOCKS = YES;
				GCC_OPTIMIZATION_LEVEL = 0;
				GCC_PREPROCESSOR_DEFINITIONS = (
					"DEBUG=1",
					"$(inherited)",
				);
				GCC_WARN_64_TO_32_BIT_CONVERSION = YES;
				GCC_WARN_ABOUT_RETURN_TYPE = YES_ERROR;
				GCC_WARN_UNDECLARED_SELECTOR = YES;
				GCC_WARN_UNINITIALIZED_AUTOS = YES_AGGRESSIVE;
				GCC_WARN_UNUSED_FUNCTION = YES;
				GCC_WARN_UNUSED_VARIABLE = YES;
				IPHONEOS_DEPLOYMENT_TARGET = 16.0;
				MTL_ENABLE_DEBUG_INFO = INCLUDE_SOURCE;
				MTL_FAST_MATH = YES;
				ONLY_ACTIVE_ARCH = YES;
				SDKROOT = iphoneos;
				SWIFT_ACTIVE_COMPILATION_CONDITIONS = DEBUG;
				SWIFT_OPTIMIZATION_LEVEL = "-Onone";
			};
			name = Debug;
		};
		3DACF37D29119EA300554177 /* Release */ = {
			isa = XCBuildConfiguration;
			buildSettings = {
				ALWAYS_SEARCH_USER_PATHS = NO;
				CLANG_ANALYZER_NONNULL = YES;
				CLANG_ANALYZER_NUMBER_OBJECT_CONVERSION = YES_AGGRESSIVE;
				CLANG_CXX_LANGUAGE_STANDARD = "gnu++20";
				CLANG_ENABLE_MODULES = YES;
				CLANG_ENABLE_OBJC_ARC = YES;
				CLANG_ENABLE_OBJC_WEAK = YES;
				CLANG_WARN_BLOCK_CAPTURE_AUTORELEASING = YES;
				CLANG_WARN_BOOL_CONVERSION = YES;
				CLANG_WARN_COMMA = YES;
				CLANG_WARN_CONSTANT_CONVERSION = YES;
				CLANG_WARN_DEPRECATED_OBJC_IMPLEMENTATIONS = YES;
				CLANG_WARN_DIRECT_OBJC_ISA_USAGE = YES_ERROR;
				CLANG_WARN_DOCUMENTATION_COMMENTS = YES;
				CLANG_WARN_EMPTY_BODY = YES;
				CLANG_WARN_ENUM_CONVERSION = YES;
				CLANG_WARN_INFINITE_RECURSION = YES;
				CLANG_WARN_INT_CONVERSION = YES;
				CLANG_WARN_NON_LITERAL_NULL_CONVERSION = YES;
				CLANG_WARN_OBJC_IMPLICIT_RETAIN_SELF = YES;
				CLANG_WARN_OBJC_LITERAL_CONVERSION = YES;
				CLANG_WARN_OBJC_ROOT_CLASS = YES_ERROR;
				CLANG_WARN_QUOTED_INCLUDE_IN_FRAMEWORK_HEADER = YES;
				CLANG_WARN_RANGE_LOOP_ANALYSIS = YES;
				CLANG_WARN_STRICT_PROTOTYPES = YES;
				CLANG_WARN_SUSPICIOUS_MOVE = YES;
				CLANG_WARN_UNGUARDED_AVAILABILITY = YES_AGGRESSIVE;
				CLANG_WARN_UNREACHABLE_CODE = YES;
				CLANG_WARN__DUPLICATE_METHOD_MATCH = YES;
				COPY_PHASE_STRIP = NO;
				DEBUG_INFORMATION_FORMAT = "dwarf-with-dsym";
				ENABLE_NS_ASSERTIONS = NO;
				ENABLE_STRICT_OBJC_MSGSEND = YES;
				GCC_C_LANGUAGE_STANDARD = gnu11;
				GCC_NO_COMMON_BLOCKS = YES;
				GCC_WARN_64_TO_32_BIT_CONVERSION = YES;
				GCC_WARN_ABOUT_RETURN_TYPE = YES_ERROR;
				GCC_WARN_UNDECLARED_SELECTOR = YES;
				GCC_WARN_UNINITIALIZED_AUTOS = YES_AGGRESSIVE;
				GCC_WARN_UNUSED_FUNCTION = YES;
				GCC_WARN_UNUSED_VARIABLE = YES;
				IPHONEOS_DEPLOYMENT_TARGET = 16.0;
				MTL_ENABLE_DEBUG_INFO = NO;
				MTL_FAST_MATH = YES;
				SDKROOT = iphoneos;
				SWIFT_COMPILATION_MODE = wholemodule;
				SWIFT_OPTIMIZATION_LEVEL = "-O";
				VALIDATE_PRODUCT = YES;
			};
			name = Release;
		};
		3DACF37F29119EA300554177 /* Debug */ = {
			isa = XCBuildConfiguration;
			buildSettings = {
				ASSETCATALOG_COMPILER_APPICON_NAME = AppIcon;
				ASSETCATALOG_COMPILER_GLOBAL_ACCENT_COLOR_NAME = AccentColor;
				CODE_SIGN_STYLE = Automatic;
				CURRENT_PROJECT_VERSION = 1;
				DEVELOPMENT_ASSET_PATHS = "\"Shared/Preview Content\"";
				DEVELOPMENT_TEAM = 3TUZXXZK2L;
				ENABLE_PREVIEWS = YES;
				GENERATE_INFOPLIST_FILE = YES;
				INFOPLIST_KEY_UIApplicationSceneManifest_Generation = YES;
				INFOPLIST_KEY_UIApplicationSupportsIndirectInputEvents = YES;
				INFOPLIST_KEY_UILaunchScreen_Generation = YES;
				INFOPLIST_KEY_UISupportedInterfaceOrientations_iPad = "UIInterfaceOrientationPortrait UIInterfaceOrientationPortraitUpsideDown UIInterfaceOrientationLandscapeLeft UIInterfaceOrientationLandscapeRight";
				INFOPLIST_KEY_UISupportedInterfaceOrientations_iPhone = "UIInterfaceOrientationPortrait UIInterfaceOrientationLandscapeLeft UIInterfaceOrientationLandscapeRight";
				LD_RUNPATH_SEARCH_PATHS = (
					"$(inherited)",
					"@executable_path/Frameworks",
				);
				MARKETING_VERSION = 1.0;
				PRODUCT_BUNDLE_IDENTIFIER = "com.patryk-jastrzebski.wetemp";
				PRODUCT_NAME = "$(TARGET_NAME)";
				SWIFT_EMIT_LOC_STRINGS = YES;
				SWIFT_VERSION = 5.0;
				TARGETED_DEVICE_FAMILY = "1,2";
			};
			name = Debug;
		};
		3DACF38029119EA300554177 /* Release */ = {
			isa = XCBuildConfiguration;
			buildSettings = {
				ASSETCATALOG_COMPILER_APPICON_NAME = AppIcon;
				ASSETCATALOG_COMPILER_GLOBAL_ACCENT_COLOR_NAME = AccentColor;
				CODE_SIGN_STYLE = Automatic;
				CURRENT_PROJECT_VERSION = 1;
				DEVELOPMENT_ASSET_PATHS = "\"Shared/Preview Content\"";
				DEVELOPMENT_TEAM = 3TUZXXZK2L;
				ENABLE_PREVIEWS = YES;
				GENERATE_INFOPLIST_FILE = YES;
				INFOPLIST_KEY_UIApplicationSceneManifest_Generation = YES;
				INFOPLIST_KEY_UIApplicationSupportsIndirectInputEvents = YES;
				INFOPLIST_KEY_UILaunchScreen_Generation = YES;
				INFOPLIST_KEY_UISupportedInterfaceOrientations_iPad = "UIInterfaceOrientationPortrait UIInterfaceOrientationPortraitUpsideDown UIInterfaceOrientationLandscapeLeft UIInterfaceOrientationLandscapeRight";
				INFOPLIST_KEY_UISupportedInterfaceOrientations_iPhone = "UIInterfaceOrientationPortrait UIInterfaceOrientationLandscapeLeft UIInterfaceOrientationLandscapeRight";
				LD_RUNPATH_SEARCH_PATHS = (
					"$(inherited)",
					"@executable_path/Frameworks",
				);
				MARKETING_VERSION = 1.0;
				PRODUCT_BUNDLE_IDENTIFIER = "com.patryk-jastrzebski.wetemp";
				PRODUCT_NAME = "$(TARGET_NAME)";
				SWIFT_EMIT_LOC_STRINGS = YES;
				SWIFT_VERSION = 5.0;
				TARGETED_DEVICE_FAMILY = "1,2";
			};
			name = Release;
		};
/* End XCBuildConfiguration section */

/* Begin XCConfigurationList section */
		3DACF36B29119EA100554177 /* Build configuration list for PBXProject "wetemp" */ = {
			isa = XCConfigurationList;
			buildConfigurations = (
				3DACF37C29119EA300554177 /* Debug */,
				3DACF37D29119EA300554177 /* Release */,
			);
			defaultConfigurationIsVisible = 0;
			defaultConfigurationName = Release;
		};
		3DACF37E29119EA300554177 /* Build configuration list for PBXNativeTarget "wetemp" */ = {
			isa = XCConfigurationList;
			buildConfigurations = (
				3DACF37F29119EA300554177 /* Debug */,
				3DACF38029119EA300554177 /* Release */,
			);
			defaultConfigurationIsVisible = 0;
			defaultConfigurationName = Release;
		};
/* End XCConfigurationList section */

/* Begin XCRemoteSwiftPackageReference section */
		3D5B8AA3291C303200D29EEF /* XCRemoteSwiftPackageReference "ChartView" */ = {
			isa = XCRemoteSwiftPackageReference;
			repositoryURL = "https://github.com/AppPear/ChartView";
			requirement = {
				kind = upToNextMajorVersion;
				minimumVersion = 1.0.0;
			};
		};
		3DC1BDC129193C470078FC3A /* XCRemoteSwiftPackageReference "SwiftUI-Introspect" */ = {
			isa = XCRemoteSwiftPackageReference;
			repositoryURL = "https://github.com/siteline/SwiftUI-Introspect.git";
			requirement = {
				branch = master;
				kind = branch;
			};
		};
/* End XCRemoteSwiftPackageReference section */

/* Begin XCSwiftPackageProductDependency section */
		3D5B8AA4291C303200D29EEF /* SwiftUICharts */ = {
			isa = XCSwiftPackageProductDependency;
			package = 3D5B8AA3291C303200D29EEF /* XCRemoteSwiftPackageReference "ChartView" */;
			productName = SwiftUICharts;
		};
		3DC1BDC229193C470078FC3A /* Introspect */ = {
			isa = XCSwiftPackageProductDependency;
			package = 3DC1BDC129193C470078FC3A /* XCRemoteSwiftPackageReference "SwiftUI-Introspect" */;
			productName = Introspect;
		};
/* End XCSwiftPackageProductDependency section */
	};
	rootObject = 3DACF36829119EA100554177 /* Project object */;
}
